
Microsoft Visual Studio Solution File, Format Version 12.00
# Visual Studio Version 17
VisualStudioVersion = 17.4.33110.190
MinimumVisualStudioVersion = 10.0.40219.1
Project("{FAE04EC0-301F-11D3-BF4B-00C04F79EFBC}") = "ch26", "ch26\ch26.csproj", "{20C13458-16AF-4286-9DBA-43A55C0F616E}"
EndProject
Global
	GlobalSection(SolutionConfigurationPlatforms) = preSolution
		Debug|Any CPU = Debug|Any CPU
		Release|Any CPU = Release|Any CPU
	EndGlobalSection
	GlobalSection(ProjectConfigurationPlatforms) = postSolution
		{20C13458-16AF-4286-9DBA-43A55C0F616E}.Debug|Any CPU.ActiveCfg = Debug|Any CPU
		{20C13458-16AF-4286-9DBA-43A55C0F616E}.Debug|Any CPU.Build.0 = Debug|Any CPU
		{20C13458-16AF-4286-9DBA-43A55C0F616E}.Release|Any CPU.ActiveCfg = Release|Any CPU
		{20C13458-16AF-4286-9DBA-43A55C0F616E}.Release|Any CPU.Build.0 = Release|Any CPU
	EndGlobalSection
	GlobalSection(SolutionProperties) = preSolution
		HideSolutionNode = FALSE
	EndGlobalSection
	GlobalSection(ExtensibilityGlobals) = postSolution
		SolutionGuid = {75B24920-1914-4476-A9FC-222CE68FDFF3}
	EndGlobalSection
EndGlobal
