
Microsoft Visual Studio Solution File, Format Version 12.00
# Visual Studio Version 17
VisualStudioVersion = 17.4.33110.190
MinimumVisualStudioVersion = 10.0.40219.1
Project("{9A19103F-16F7-4668-BE54-9A1E7A4F7556}") = "ch25", "ch25.csproj", "{6F7D6A2B-F87C-4EC2-816C-3E0C9ACACD47}"
EndProject
Global
	GlobalSection(SolutionConfigurationPlatforms) = preSolution
		Debug|Any CPU = Debug|Any CPU
		Release|Any CPU = Release|Any CPU
	EndGlobalSection
	GlobalSection(ProjectConfigurationPlatforms) = postSolution
		{6F7D6A2B-F87C-4EC2-816C-3E0C9ACACD47}.Debug|Any CPU.ActiveCfg = Debug|Any CPU
		{6F7D6A2B-F87C-4EC2-816C-3E0C9ACACD47}.Debug|Any CPU.Build.0 = Debug|Any CPU
		{6F7D6A2B-F87C-4EC2-816C-3E0C9ACACD47}.Release|Any CPU.ActiveCfg = Release|Any CPU
		{6F7D6A2B-F87C-4EC2-816C-3E0C9ACACD47}.Release|Any CPU.Build.0 = Release|Any CPU
	EndGlobalSection
	GlobalSection(SolutionProperties) = preSolution
		HideSolutionNode = FALSE
	EndGlobalSection
	GlobalSection(ExtensibilityGlobals) = postSolution
		SolutionGuid = {EBBC9581-13A6-46A6-976C-0CA93E20AEA2}
	EndGlobalSection
EndGlobal
