
Microsoft Visual Studio Solution File, Format Version 12.00
# Visual Studio Version 17
VisualStudioVersion = 17.4.33110.190
MinimumVisualStudioVersion = 10.0.40219.1
Project("{FAE04EC0-301F-11D3-BF4B-00C04F79EFBC}") = "ch10", "ch10\ch10.csproj", "{53F7D7E5-9B8A-4BA4-B70E-B3643AAB7D1E}"
EndProject
Global
	GlobalSection(SolutionConfigurationPlatforms) = preSolution
		Debug|Any CPU = Debug|Any CPU
		Release|Any CPU = Release|Any CPU
	EndGlobalSection
	GlobalSection(ProjectConfigurationPlatforms) = postSolution
		{53F7D7E5-9B8A-4BA4-B70E-B3643AAB7D1E}.Debug|Any CPU.ActiveCfg = Debug|Any CPU
		{53F7D7E5-9B8A-4BA4-B70E-B3643AAB7D1E}.Debug|Any CPU.Build.0 = Debug|Any CPU
		{53F7D7E5-9B8A-4BA4-B70E-B3643AAB7D1E}.Release|Any CPU.ActiveCfg = Release|Any CPU
		{53F7D7E5-9B8A-4BA4-B70E-B3643AAB7D1E}.Release|Any CPU.Build.0 = Release|Any CPU
	EndGlobalSection
	GlobalSection(SolutionProperties) = preSolution
		HideSolutionNode = FALSE
	EndGlobalSection
	GlobalSection(ExtensibilityGlobals) = postSolution
		SolutionGuid = {FB1DB60D-4BE6-4C58-A765-1DF96D54DC01}
	EndGlobalSection
EndGlobal
